
Microsoft Visual Studio Solution File, Format Version 12.00
# Visual Studio Version 16
VisualStudioVersion = 16.0.29215.179
MinimumVisualStudioVersion = 10.0.40219.1
Project("{FAE04EC0-301F-11D3-BF4B-00C04F79EFBC}") = "HelloWorldDeliverable1Luttmann", "HelloWorldDeliverable1Luttmann.csproj", "{6367FB43-5C74-4A79-A6B7-6CE86EC0D7F6}"
EndProject
Global
	GlobalSection(SolutionConfigurationPlatforms) = preSolution
		Debug|Any CPU = Debug|Any CPU
		Release|Any CPU = Release|Any CPU
	EndGlobalSection
	GlobalSection(ProjectConfigurationPlatforms) = postSolution
		{6367FB43-5C74-4A79-A6B7-6CE86EC0D7F6}.Debug|Any CPU.ActiveCfg = Debug|Any CPU
		{6367FB43-5C74-4A79-A6B7-6CE86EC0D7F6}.Debug|Any CPU.Build.0 = Debug|Any CPU
		{6367FB43-5C74-4A79-A6B7-6CE86EC0D7F6}.Release|Any CPU.ActiveCfg = Release|Any CPU
		{6367FB43-5C74-4A79-A6B7-6CE86EC0D7F6}.Release|Any CPU.Build.0 = Release|Any CPU
	EndGlobalSection
	GlobalSection(SolutionProperties) = preSolution
		HideSolutionNode = FALSE
	EndGlobalSection
	GlobalSection(ExtensibilityGlobals) = postSolution
		SolutionGuid = {A0647E65-3B9A-4E0E-BEE5-942594819019}
	EndGlobalSection
EndGlobal
